
Microsoft Visual Studio Solution File, Format Version 12.00
# Visual Studio Version 17
VisualStudioVersion = 17.8.34525.116
MinimumVisualStudioVersion = 10.0.40219.1
Project("{9A19103F-16F7-4668-BE54-9A1E7A4F7556}") = "car web", "car web.csproj", "{8D68A9DE-F67B-42E8-8854-06A1F6D7D69D}"
EndProject
Project("{2150E333-8FDC-42A3-9474-1A3956D46DE8}") = "Solution Items", "Solution Items", "{44A0C643-3DBA-452B-8014-57E292184E70}"
	ProjectSection(SolutionItems) = preProject
		.editorconfig = .editorconfig
	EndProjectSection
EndProject
Global
	GlobalSection(SolutionConfigurationPlatforms) = preSolution
		Debug|Any CPU = Debug|Any CPU
		Release|Any CPU = Release|Any CPU
	EndGlobalSection
	GlobalSection(ProjectConfigurationPlatforms) = postSolution
		{8D68A9DE-F67B-42E8-8854-06A1F6D7D69D}.Debug|Any CPU.ActiveCfg = Debug|Any CPU
		{8D68A9DE-F67B-42E8-8854-06A1F6D7D69D}.Debug|Any CPU.Build.0 = Debug|Any CPU
		{8D68A9DE-F67B-42E8-8854-06A1F6D7D69D}.Release|Any CPU.ActiveCfg = Release|Any CPU
		{8D68A9DE-F67B-42E8-8854-06A1F6D7D69D}.Release|Any CPU.Build.0 = Release|Any CPU
	EndGlobalSection
	GlobalSection(SolutionProperties) = preSolution
		HideSolutionNode = FALSE
	EndGlobalSection
	GlobalSection(ExtensibilityGlobals) = postSolution
		SolutionGuid = {78C63C28-15D3-429E-863C-1A45F6FC288B}
	EndGlobalSection
EndGlobal
